
Microsoft Visual Studio Solution File, Format Version 12.00
# Visual Studio Version 17
VisualStudioVersion = 17.8.34316.72
MinimumVisualStudioVersion = 10.0.40219.1
Project("{FAE04EC0-301F-11D3-BF4B-00C04F79EFBC}") = "CryptomonServer", "CryptomonServer\CryptomonServer.csproj", "{31CEE731-3E48-4643-A3D3-14091EA10FCF}"
EndProject
Global
	GlobalSection(SolutionConfigurationPlatforms) = preSolution
		Debug|Any CPU = Debug|Any CPU
		Release|Any CPU = Release|Any CPU
	EndGlobalSection
	GlobalSection(ProjectConfigurationPlatforms) = postSolution
		{31CEE731-3E48-4643-A3D3-14091EA10FCF}.Debug|Any CPU.ActiveCfg = Debug|Any CPU
		{31CEE731-3E48-4643-A3D3-14091EA10FCF}.Debug|Any CPU.Build.0 = Debug|Any CPU
		{31CEE731-3E48-4643-A3D3-14091EA10FCF}.Release|Any CPU.ActiveCfg = Release|Any CPU
		{31CEE731-3E48-4643-A3D3-14091EA10FCF}.Release|Any CPU.Build.0 = Release|Any CPU
	EndGlobalSection
	GlobalSection(SolutionProperties) = preSolution
		HideSolutionNode = FALSE
	EndGlobalSection
	GlobalSection(ExtensibilityGlobals) = postSolution
		SolutionGuid = {8CDEE954-FAF5-4C5E-8C16-30EAF377D32B}
	EndGlobalSection
EndGlobal
